
Microsoft Visual Studio Solution File, Format Version 12.00
# Visual Studio 15
VisualStudioVersion = 15.0.26403.7
MinimumVisualStudioVersion = 10.0.40219.1
Project("{FAE04EC0-301F-11D3-BF4B-00C04F79EFBC}") = "url2mysql", "ConsoleApp1\url2mysql.csproj", "{F7C565F3-BF75-45D0-A5C2-2DBD4AE3B332}"
EndProject
Global
	GlobalSection(SolutionConfigurationPlatforms) = preSolution
		Debug|Any CPU = Debug|Any CPU
		Release|Any CPU = Release|Any CPU
	EndGlobalSection
	GlobalSection(ProjectConfigurationPlatforms) = postSolution
		{F7C565F3-BF75-45D0-A5C2-2DBD4AE3B332}.Debug|Any CPU.ActiveCfg = Debug|Any CPU
		{F7C565F3-BF75-45D0-A5C2-2DBD4AE3B332}.Debug|Any CPU.Build.0 = Debug|Any CPU
		{F7C565F3-BF75-45D0-A5C2-2DBD4AE3B332}.Release|Any CPU.ActiveCfg = Release|Any CPU
		{F7C565F3-BF75-45D0-A5C2-2DBD4AE3B332}.Release|Any CPU.Build.0 = Release|Any CPU
	EndGlobalSection
	GlobalSection(SolutionProperties) = preSolution
		HideSolutionNode = FALSE
	EndGlobalSection
EndGlobal
